
Microsoft Visual Studio Solution File, Format Version 12.00
# Visual Studio Version 16
VisualStudioVersion = 16.0.31911.196
MinimumVisualStudioVersion = 10.0.40219.1
Project("{FAE04EC0-301F-11D3-BF4B-00C04F79EFBC}") = "LouisVuittonCode", "LouisVuittonCode.csproj", "{6B65CEB3-DA91-4894-8C0D-2FD861D85CEB}"
EndProject
Global
	GlobalSection(SolutionConfigurationPlatforms) = preSolution
		Debug|Any CPU = Debug|Any CPU
		Release|Any CPU = Release|Any CPU
	EndGlobalSection
	GlobalSection(ProjectConfigurationPlatforms) = postSolution
		{6B65CEB3-DA91-4894-8C0D-2FD861D85CEB}.Debug|Any CPU.ActiveCfg = Debug|Any CPU
		{6B65CEB3-DA91-4894-8C0D-2FD861D85CEB}.Debug|Any CPU.Build.0 = Debug|Any CPU
		{6B65CEB3-DA91-4894-8C0D-2FD861D85CEB}.Release|Any CPU.ActiveCfg = Release|Any CPU
		{6B65CEB3-DA91-4894-8C0D-2FD861D85CEB}.Release|Any CPU.Build.0 = Release|Any CPU
	EndGlobalSection
	GlobalSection(SolutionProperties) = preSolution
		HideSolutionNode = FALSE
	EndGlobalSection
	GlobalSection(ExtensibilityGlobals) = postSolution
		SolutionGuid = {CBA92EF1-A5EA-4307-906A-2284C35D4477}
	EndGlobalSection
EndGlobal
